
Microsoft Visual Studio Solution File, Format Version 12.00
# Visual Studio 15
VisualStudioVersion = 15.0.26206.0
MinimumVisualStudioVersion = 10.0.40219.1
Project("{2150E333-8FDC-42A3-9474-1A3956D46DE8}") = "src", "src", "{9A6C0B7D-7D3E-4F26-BEC3-8FA78E5E5CDD}"
EndProject
Project("{2150E333-8FDC-42A3-9474-1A3956D46DE8}") = "Solution Items", "Solution Items", "{C54094C4-937F-4102-A3A7-289CABFD07FA}"
	ProjectSection(SolutionItems) = preProject
		global.json = global.json
	EndProjectSection
EndProject
Project("{2150E333-8FDC-42A3-9474-1A3956D46DE8}") = "CentralAdministration", "CentralAdministration", "{43F585FB-6FC6-4374-B12E-8AB5198B540E}"
EndProject
Project("{2150E333-8FDC-42A3-9474-1A3956D46DE8}") = "Demo", "Demo", "{58D5C1A9-C30B-450C-8BD3-982D48FD3654}"
EndProject
Project("{2150E333-8FDC-42A3-9474-1A3956D46DE8}") = "Host", "Host", "{9FB06C3F-249A-4696-B626-5139CB62F6CD}"
EndProject
Project("{2150E333-8FDC-42A3-9474-1A3956D46DE8}") = "Documentation", "Documentation", "{1335669B-02D1-4167-87D8-56A7573EAB3C}"
EndProject
Project("{2150E333-8FDC-42A3-9474-1A3956D46DE8}") = "Base Class Library", "Base Class Library", "{35FA897F-F411-41EC-AEE6-C828C4168E3A}"
EndProject
Project("{2150E333-8FDC-42A3-9474-1A3956D46DE8}") = "CloudOffice", "CloudOffice", "{9426EF08-4114-4834-80D6-E7720D672ECA}"
EndProject
Project("{9A19103F-16F7-4668-BE54-9A1E7A4F7556}") = "AMSoft.CloudOffice.Data", "src\CloudOffice\AMSoft.CloudOffice.Data\AMSoft.CloudOffice.Data.csproj", "{9346DC40-F4E6-4248-B57F-4C3EF6A93694}"
EndProject
Project("{9A19103F-16F7-4668-BE54-9A1E7A4F7556}") = "AMSoft.CloudOffice.Domain", "src\CloudOffice\AMSoft.CloudOffice.Domain\AMSoft.CloudOffice.Domain.csproj", "{4622135B-F073-41C6-BB93-D0550DC9C136}"
EndProject
Project("{9A19103F-16F7-4668-BE54-9A1E7A4F7556}") = "AMSoft.CloudOffice.Infrastructure", "src\CloudOffice\AMSoft.CloudOffice.Infrastructure\AMSoft.CloudOffice.Infrastructure.csproj", "{88FD2F78-FCDD-40D7-9BC7-177C4F663ABD}"
EndProject
Project("{FAE04EC0-301F-11D3-BF4B-00C04F79EFBC}") = "AMSoft.Base", "src\BCL\AMSoft.Base\AMSoft.Base.csproj", "{0D38E298-76C8-428C-9410-B46490E34BA0}"
EndProject
Project("{9A19103F-16F7-4668-BE54-9A1E7A4F7556}") = "AMSoft.CloudOffice.Web", "src\CloudOffice\Dashboard\AMSoft.CloudOffice.Dashboard.Web\AMSoft.CloudOffice.Web.csproj", "{9B5751F7-792C-4A6D-B1E0-4DA6709C8CC0}"
EndProject
Project("{9A19103F-16F7-4668-BE54-9A1E7A4F7556}") = "AMSoft.CloudOffice.CentralAdministration.Web", "src\CloudOffice\CentralAdministration\AMSoft.CloudOffice.CentralAdministration.Web\AMSoft.CloudOffice.CentralAdministration.Web.csproj", "{E2489D90-AFC6-45FA-8A74-28208C5EE185}"
EndProject
Project("{2150E333-8FDC-42A3-9474-1A3956D46DE8}") = "Public", "Public", "{66375B56-4CFB-47F0-8333-240F85988AE3}"
EndProject
Project("{FAE04EC0-301F-11D3-BF4B-00C04F79EFBC}") = "AMSoft.CloudOffice.Public.Web", "src\CloudOffice\Public\AMSoft.CloudOffice.Public.Web\AMSoft.CloudOffice.Public.Web.csproj", "{2F5FF08F-8C33-4C1C-B4CD-47C913776E80}"
EndProject
Project("{9A19103F-16F7-4668-BE54-9A1E7A4F7556}") = "AspNetCoreSpa-master", "src\AspNetCoreSpa-master\AspNetCoreSpa-master.csproj", "{F4B1111B-947F-49FD-A96B-A7058AAAAA83}"
EndProject
Project("{2150E333-8FDC-42A3-9474-1A3956D46DE8}") = "Modules", "Modules", "{49D6490A-9258-40B6-95F4-6F6BBAE73B4E}"
EndProject
Project("{9A19103F-16F7-4668-BE54-9A1E7A4F7556}") = "AMSoft.Modules.TestModule", "src\CloudOffice\Modules\AMSoft.Modules.TestModule\AMSoft.Modules.TestModule.csproj", "{825A56D0-B5B4-45EF-8FBF-F059FE05A8AD}"
EndProject
Project("{FAE04EC0-301F-11D3-BF4B-00C04F79EFBC}") = "AMSoft.Modules.TenantAdministration", "src\CloudOffice\Modules\AMSoft.Modules.TenantAdministration\AMSoft.Modules.TenantAdministration.csproj", "{02C6E1CA-7016-4767-B4EF-FE1B706ECDA8}"
EndProject
Project("{FAE04EC0-301F-11D3-BF4B-00C04F79EFBC}") = "AMSoft.Modules.TenantAdmin", "src\CloudOffice\Modules\AMSoft.Modules.TenantAdmin\AMSoft.Modules.TenantAdmin.csproj", "{2E5CA1FC-A419-4F28-AC13-9E8AFBE20435}"
EndProject
Global
	GlobalSection(SolutionConfigurationPlatforms) = preSolution
		Debug|Any CPU = Debug|Any CPU
		Debug|x64 = Debug|x64
		Debug|x86 = Debug|x86
		Release|Any CPU = Release|Any CPU
		Release|x64 = Release|x64
		Release|x86 = Release|x86
	EndGlobalSection
	GlobalSection(ProjectConfigurationPlatforms) = postSolution
		{9346DC40-F4E6-4248-B57F-4C3EF6A93694}.Debug|Any CPU.ActiveCfg = Debug|Any CPU
		{9346DC40-F4E6-4248-B57F-4C3EF6A93694}.Debug|Any CPU.Build.0 = Debug|Any CPU
		{9346DC40-F4E6-4248-B57F-4C3EF6A93694}.Debug|x64.ActiveCfg = Debug|x64
		{9346DC40-F4E6-4248-B57F-4C3EF6A93694}.Debug|x64.Build.0 = Debug|x64
		{9346DC40-F4E6-4248-B57F-4C3EF6A93694}.Debug|x86.ActiveCfg = Debug|x86
		{9346DC40-F4E6-4248-B57F-4C3EF6A93694}.Debug|x86.Build.0 = Debug|x86
		{9346DC40-F4E6-4248-B57F-4C3EF6A93694}.Release|Any CPU.ActiveCfg = Release|Any CPU
		{9346DC40-F4E6-4248-B57F-4C3EF6A93694}.Release|Any CPU.Build.0 = Release|Any CPU
		{9346DC40-F4E6-4248-B57F-4C3EF6A93694}.Release|x64.ActiveCfg = Release|x64
		{9346DC40-F4E6-4248-B57F-4C3EF6A93694}.Release|x64.Build.0 = Release|x64
		{9346DC40-F4E6-4248-B57F-4C3EF6A93694}.Release|x86.ActiveCfg = Release|x86
		{9346DC40-F4E6-4248-B57F-4C3EF6A93694}.Release|x86.Build.0 = Release|x86
		{4622135B-F073-41C6-BB93-D0550DC9C136}.Debug|Any CPU.ActiveCfg = Debug|Any CPU
		{4622135B-F073-41C6-BB93-D0550DC9C136}.Debug|Any CPU.Build.0 = Debug|Any CPU
		{4622135B-F073-41C6-BB93-D0550DC9C136}.Debug|x64.ActiveCfg = Debug|x64
		{4622135B-F073-41C6-BB93-D0550DC9C136}.Debug|x64.Build.0 = Debug|x64
		{4622135B-F073-41C6-BB93-D0550DC9C136}.Debug|x86.ActiveCfg = Debug|x86
		{4622135B-F073-41C6-BB93-D0550DC9C136}.Debug|x86.Build.0 = Debug|x86
		{4622135B-F073-41C6-BB93-D0550DC9C136}.Release|Any CPU.ActiveCfg = Release|Any CPU
		{4622135B-F073-41C6-BB93-D0550DC9C136}.Release|Any CPU.Build.0 = Release|Any CPU
		{4622135B-F073-41C6-BB93-D0550DC9C136}.Release|x64.ActiveCfg = Release|x64
		{4622135B-F073-41C6-BB93-D0550DC9C136}.Release|x64.Build.0 = Release|x64
		{4622135B-F073-41C6-BB93-D0550DC9C136}.Release|x86.ActiveCfg = Release|x86
		{4622135B-F073-41C6-BB93-D0550DC9C136}.Release|x86.Build.0 = Release|x86
		{88FD2F78-FCDD-40D7-9BC7-177C4F663ABD}.Debug|Any CPU.ActiveCfg = Debug|Any CPU
		{88FD2F78-FCDD-40D7-9BC7-177C4F663ABD}.Debug|Any CPU.Build.0 = Debug|Any CPU
		{88FD2F78-FCDD-40D7-9BC7-177C4F663ABD}.Debug|x64.ActiveCfg = Debug|x64
		{88FD2F78-FCDD-40D7-9BC7-177C4F663ABD}.Debug|x64.Build.0 = Debug|x64
		{88FD2F78-FCDD-40D7-9BC7-177C4F663ABD}.Debug|x86.ActiveCfg = Debug|x86
		{88FD2F78-FCDD-40D7-9BC7-177C4F663ABD}.Debug|x86.Build.0 = Debug|x86
		{88FD2F78-FCDD-40D7-9BC7-177C4F663ABD}.Release|Any CPU.ActiveCfg = Release|Any CPU
		{88FD2F78-FCDD-40D7-9BC7-177C4F663ABD}.Release|Any CPU.Build.0 = Release|Any CPU
		{88FD2F78-FCDD-40D7-9BC7-177C4F663ABD}.Release|x64.ActiveCfg = Release|x64
		{88FD2F78-FCDD-40D7-9BC7-177C4F663ABD}.Release|x64.Build.0 = Release|x64
		{88FD2F78-FCDD-40D7-9BC7-177C4F663ABD}.Release|x86.ActiveCfg = Release|x86
		{88FD2F78-FCDD-40D7-9BC7-177C4F663ABD}.Release|x86.Build.0 = Release|x86
		{0D38E298-76C8-428C-9410-B46490E34BA0}.Debug|Any CPU.ActiveCfg = Debug|Any CPU
		{0D38E298-76C8-428C-9410-B46490E34BA0}.Debug|Any CPU.Build.0 = Debug|Any CPU
		{0D38E298-76C8-428C-9410-B46490E34BA0}.Debug|x64.ActiveCfg = Debug|x64
		{0D38E298-76C8-428C-9410-B46490E34BA0}.Debug|x64.Build.0 = Debug|x64
		{0D38E298-76C8-428C-9410-B46490E34BA0}.Debug|x86.ActiveCfg = Debug|x86
		{0D38E298-76C8-428C-9410-B46490E34BA0}.Debug|x86.Build.0 = Debug|x86
		{0D38E298-76C8-428C-9410-B46490E34BA0}.Release|Any CPU.ActiveCfg = Release|Any CPU
		{0D38E298-76C8-428C-9410-B46490E34BA0}.Release|Any CPU.Build.0 = Release|Any CPU
		{0D38E298-76C8-428C-9410-B46490E34BA0}.Release|x64.ActiveCfg = Release|x64
		{0D38E298-76C8-428C-9410-B46490E34BA0}.Release|x64.Build.0 = Release|x64
		{0D38E298-76C8-428C-9410-B46490E34BA0}.Release|x86.ActiveCfg = Release|x86
		{0D38E298-76C8-428C-9410-B46490E34BA0}.Release|x86.Build.0 = Release|x86
		{9B5751F7-792C-4A6D-B1E0-4DA6709C8CC0}.Debug|Any CPU.ActiveCfg = Debug|Any CPU
		{9B5751F7-792C-4A6D-B1E0-4DA6709C8CC0}.Debug|Any CPU.Build.0 = Debug|Any CPU
		{9B5751F7-792C-4A6D-B1E0-4DA6709C8CC0}.Debug|x64.ActiveCfg = Debug|x64
		{9B5751F7-792C-4A6D-B1E0-4DA6709C8CC0}.Debug|x64.Build.0 = Debug|x64
		{9B5751F7-792C-4A6D-B1E0-4DA6709C8CC0}.Debug|x86.ActiveCfg = Debug|x86
		{9B5751F7-792C-4A6D-B1E0-4DA6709C8CC0}.Debug|x86.Build.0 = Debug|x86
		{9B5751F7-792C-4A6D-B1E0-4DA6709C8CC0}.Release|Any CPU.ActiveCfg = Release|Any CPU
		{9B5751F7-792C-4A6D-B1E0-4DA6709C8CC0}.Release|Any CPU.Build.0 = Release|Any CPU
		{9B5751F7-792C-4A6D-B1E0-4DA6709C8CC0}.Release|x64.ActiveCfg = Release|x64
		{9B5751F7-792C-4A6D-B1E0-4DA6709C8CC0}.Release|x64.Build.0 = Release|x64
		{9B5751F7-792C-4A6D-B1E0-4DA6709C8CC0}.Release|x86.ActiveCfg = Release|x86
		{9B5751F7-792C-4A6D-B1E0-4DA6709C8CC0}.Release|x86.Build.0 = Release|x86
		{E2489D90-AFC6-45FA-8A74-28208C5EE185}.Debug|Any CPU.ActiveCfg = Debug|Any CPU
		{E2489D90-AFC6-45FA-8A74-28208C5EE185}.Debug|Any CPU.Build.0 = Debug|Any CPU
		{E2489D90-AFC6-45FA-8A74-28208C5EE185}.Debug|x64.ActiveCfg = Debug|x64
		{E2489D90-AFC6-45FA-8A74-28208C5EE185}.Debug|x64.Build.0 = Debug|x64
		{E2489D90-AFC6-45FA-8A74-28208C5EE185}.Debug|x86.ActiveCfg = Debug|x86
		{E2489D90-AFC6-45FA-8A74-28208C5EE185}.Debug|x86.Build.0 = Debug|x86
		{E2489D90-AFC6-45FA-8A74-28208C5EE185}.Release|Any CPU.ActiveCfg = Release|Any CPU
		{E2489D90-AFC6-45FA-8A74-28208C5EE185}.Release|Any CPU.Build.0 = Release|Any CPU
		{E2489D90-AFC6-45FA-8A74-28208C5EE185}.Release|x64.ActiveCfg = Release|x64
		{E2489D90-AFC6-45FA-8A74-28208C5EE185}.Release|x64.Build.0 = Release|x64
		{E2489D90-AFC6-45FA-8A74-28208C5EE185}.Release|x86.ActiveCfg = Release|x86
		{E2489D90-AFC6-45FA-8A74-28208C5EE185}.Release|x86.Build.0 = Release|x86
		{2F5FF08F-8C33-4C1C-B4CD-47C913776E80}.Debug|Any CPU.ActiveCfg = Debug|Any CPU
		{2F5FF08F-8C33-4C1C-B4CD-47C913776E80}.Debug|Any CPU.Build.0 = Debug|Any CPU
		{2F5FF08F-8C33-4C1C-B4CD-47C913776E80}.Debug|x64.ActiveCfg = Debug|x64
		{2F5FF08F-8C33-4C1C-B4CD-47C913776E80}.Debug|x64.Build.0 = Debug|x64
		{2F5FF08F-8C33-4C1C-B4CD-47C913776E80}.Debug|x86.ActiveCfg = Debug|x86
		{2F5FF08F-8C33-4C1C-B4CD-47C913776E80}.Debug|x86.Build.0 = Debug|x86
		{2F5FF08F-8C33-4C1C-B4CD-47C913776E80}.Release|Any CPU.ActiveCfg = Release|Any CPU
		{2F5FF08F-8C33-4C1C-B4CD-47C913776E80}.Release|Any CPU.Build.0 = Release|Any CPU
		{2F5FF08F-8C33-4C1C-B4CD-47C913776E80}.Release|x64.ActiveCfg = Release|x64
		{2F5FF08F-8C33-4C1C-B4CD-47C913776E80}.Release|x64.Build.0 = Release|x64
		{2F5FF08F-8C33-4C1C-B4CD-47C913776E80}.Release|x86.ActiveCfg = Release|x86
		{2F5FF08F-8C33-4C1C-B4CD-47C913776E80}.Release|x86.Build.0 = Release|x86
		{F4B1111B-947F-49FD-A96B-A7058AAAAA83}.Debug|Any CPU.ActiveCfg = Debug|Any CPU
		{F4B1111B-947F-49FD-A96B-A7058AAAAA83}.Debug|Any CPU.Build.0 = Debug|Any CPU
		{F4B1111B-947F-49FD-A96B-A7058AAAAA83}.Debug|x64.ActiveCfg = Debug|x64
		{F4B1111B-947F-49FD-A96B-A7058AAAAA83}.Debug|x64.Build.0 = Debug|x64
		{F4B1111B-947F-49FD-A96B-A7058AAAAA83}.Debug|x86.ActiveCfg = Debug|x86
		{F4B1111B-947F-49FD-A96B-A7058AAAAA83}.Debug|x86.Build.0 = Debug|x86
		{F4B1111B-947F-49FD-A96B-A7058AAAAA83}.Release|Any CPU.ActiveCfg = Release|Any CPU
		{F4B1111B-947F-49FD-A96B-A7058AAAAA83}.Release|Any CPU.Build.0 = Release|Any CPU
		{F4B1111B-947F-49FD-A96B-A7058AAAAA83}.Release|x64.ActiveCfg = Release|x64
		{F4B1111B-947F-49FD-A96B-A7058AAAAA83}.Release|x64.Build.0 = Release|x64
		{F4B1111B-947F-49FD-A96B-A7058AAAAA83}.Release|x86.ActiveCfg = Release|x86
		{F4B1111B-947F-49FD-A96B-A7058AAAAA83}.Release|x86.Build.0 = Release|x86
		{825A56D0-B5B4-45EF-8FBF-F059FE05A8AD}.Debug|Any CPU.ActiveCfg = Debug|Any CPU
		{825A56D0-B5B4-45EF-8FBF-F059FE05A8AD}.Debug|Any CPU.Build.0 = Debug|Any CPU
		{825A56D0-B5B4-45EF-8FBF-F059FE05A8AD}.Debug|x64.ActiveCfg = Debug|x64
		{825A56D0-B5B4-45EF-8FBF-F059FE05A8AD}.Debug|x64.Build.0 = Debug|x64
		{825A56D0-B5B4-45EF-8FBF-F059FE05A8AD}.Debug|x86.ActiveCfg = Debug|x86
		{825A56D0-B5B4-45EF-8FBF-F059FE05A8AD}.Debug|x86.Build.0 = Debug|x86
		{825A56D0-B5B4-45EF-8FBF-F059FE05A8AD}.Release|Any CPU.ActiveCfg = Release|Any CPU
		{825A56D0-B5B4-45EF-8FBF-F059FE05A8AD}.Release|Any CPU.Build.0 = Release|Any CPU
		{825A56D0-B5B4-45EF-8FBF-F059FE05A8AD}.Release|x64.ActiveCfg = Release|x64
		{825A56D0-B5B4-45EF-8FBF-F059FE05A8AD}.Release|x64.Build.0 = Release|x64
		{825A56D0-B5B4-45EF-8FBF-F059FE05A8AD}.Release|x86.ActiveCfg = Release|x86
		{825A56D0-B5B4-45EF-8FBF-F059FE05A8AD}.Release|x86.Build.0 = Release|x86
		{02C6E1CA-7016-4767-B4EF-FE1B706ECDA8}.Debug|Any CPU.ActiveCfg = Debug|Any CPU
		{02C6E1CA-7016-4767-B4EF-FE1B706ECDA8}.Debug|Any CPU.Build.0 = Debug|Any CPU
		{02C6E1CA-7016-4767-B4EF-FE1B706ECDA8}.Debug|x64.ActiveCfg = Debug|x64
		{02C6E1CA-7016-4767-B4EF-FE1B706ECDA8}.Debug|x64.Build.0 = Debug|x64
		{02C6E1CA-7016-4767-B4EF-FE1B706ECDA8}.Debug|x86.ActiveCfg = Debug|x86
		{02C6E1CA-7016-4767-B4EF-FE1B706ECDA8}.Debug|x86.Build.0 = Debug|x86
		{02C6E1CA-7016-4767-B4EF-FE1B706ECDA8}.Release|Any CPU.ActiveCfg = Release|Any CPU
		{02C6E1CA-7016-4767-B4EF-FE1B706ECDA8}.Release|Any CPU.Build.0 = Release|Any CPU
		{02C6E1CA-7016-4767-B4EF-FE1B706ECDA8}.Release|x64.ActiveCfg = Release|x64
		{02C6E1CA-7016-4767-B4EF-FE1B706ECDA8}.Release|x64.Build.0 = Release|x64
		{02C6E1CA-7016-4767-B4EF-FE1B706ECDA8}.Release|x86.ActiveCfg = Release|x86
		{02C6E1CA-7016-4767-B4EF-FE1B706ECDA8}.Release|x86.Build.0 = Release|x86
		{2E5CA1FC-A419-4F28-AC13-9E8AFBE20435}.Debug|Any CPU.ActiveCfg = Debug|Any CPU
		{2E5CA1FC-A419-4F28-AC13-9E8AFBE20435}.Debug|Any CPU.Build.0 = Debug|Any CPU
		{2E5CA1FC-A419-4F28-AC13-9E8AFBE20435}.Debug|x64.ActiveCfg = Debug|x64
		{2E5CA1FC-A419-4F28-AC13-9E8AFBE20435}.Debug|x64.Build.0 = Debug|x64
		{2E5CA1FC-A419-4F28-AC13-9E8AFBE20435}.Debug|x86.ActiveCfg = Debug|x86
		{2E5CA1FC-A419-4F28-AC13-9E8AFBE20435}.Debug|x86.Build.0 = Debug|x86
		{2E5CA1FC-A419-4F28-AC13-9E8AFBE20435}.Release|Any CPU.ActiveCfg = Release|Any CPU
		{2E5CA1FC-A419-4F28-AC13-9E8AFBE20435}.Release|Any CPU.Build.0 = Release|Any CPU
		{2E5CA1FC-A419-4F28-AC13-9E8AFBE20435}.Release|x64.ActiveCfg = Release|x64
		{2E5CA1FC-A419-4F28-AC13-9E8AFBE20435}.Release|x64.Build.0 = Release|x64
		{2E5CA1FC-A419-4F28-AC13-9E8AFBE20435}.Release|x86.ActiveCfg = Release|x86
		{2E5CA1FC-A419-4F28-AC13-9E8AFBE20435}.Release|x86.Build.0 = Release|x86
	EndGlobalSection
	GlobalSection(SolutionProperties) = preSolution
		HideSolutionNode = FALSE
	EndGlobalSection
	GlobalSection(NestedProjects) = preSolution
		{43F585FB-6FC6-4374-B12E-8AB5198B540E} = {9426EF08-4114-4834-80D6-E7720D672ECA}
		{58D5C1A9-C30B-450C-8BD3-982D48FD3654} = {9A6C0B7D-7D3E-4F26-BEC3-8FA78E5E5CDD}
		{9FB06C3F-249A-4696-B626-5139CB62F6CD} = {9426EF08-4114-4834-80D6-E7720D672ECA}
		{1335669B-02D1-4167-87D8-56A7573EAB3C} = {9A6C0B7D-7D3E-4F26-BEC3-8FA78E5E5CDD}
		{35FA897F-F411-41EC-AEE6-C828C4168E3A} = {9A6C0B7D-7D3E-4F26-BEC3-8FA78E5E5CDD}
		{9426EF08-4114-4834-80D6-E7720D672ECA} = {9A6C0B7D-7D3E-4F26-BEC3-8FA78E5E5CDD}
		{9346DC40-F4E6-4248-B57F-4C3EF6A93694} = {9426EF08-4114-4834-80D6-E7720D672ECA}
		{4622135B-F073-41C6-BB93-D0550DC9C136} = {9426EF08-4114-4834-80D6-E7720D672ECA}
		{88FD2F78-FCDD-40D7-9BC7-177C4F663ABD} = {9426EF08-4114-4834-80D6-E7720D672ECA}
		{0D38E298-76C8-428C-9410-B46490E34BA0} = {35FA897F-F411-41EC-AEE6-C828C4168E3A}
		{9B5751F7-792C-4A6D-B1E0-4DA6709C8CC0} = {9FB06C3F-249A-4696-B626-5139CB62F6CD}
		{E2489D90-AFC6-45FA-8A74-28208C5EE185} = {43F585FB-6FC6-4374-B12E-8AB5198B540E}
		{66375B56-4CFB-47F0-8333-240F85988AE3} = {9426EF08-4114-4834-80D6-E7720D672ECA}
		{2F5FF08F-8C33-4C1C-B4CD-47C913776E80} = {66375B56-4CFB-47F0-8333-240F85988AE3}
		{F4B1111B-947F-49FD-A96B-A7058AAAAA83} = {58D5C1A9-C30B-450C-8BD3-982D48FD3654}
		{49D6490A-9258-40B6-95F4-6F6BBAE73B4E} = {9426EF08-4114-4834-80D6-E7720D672ECA}
		{825A56D0-B5B4-45EF-8FBF-F059FE05A8AD} = {49D6490A-9258-40B6-95F4-6F6BBAE73B4E}
		{02C6E1CA-7016-4767-B4EF-FE1B706ECDA8} = {49D6490A-9258-40B6-95F4-6F6BBAE73B4E}
		{2E5CA1FC-A419-4F28-AC13-9E8AFBE20435} = {49D6490A-9258-40B6-95F4-6F6BBAE73B4E}
	EndGlobalSection
EndGlobal
